
Microsoft Visual Studio Solution File, Format Version 12.00
# Visual Studio Version 17
VisualStudioVersion = 17.12.35527.113 d17.12
MinimumVisualStudioVersion = 10.0.40219.1
Project("{2150E333-8FDC-42A3-9474-1A3956D46DE8}") = "Lab1", "Lab1", "{E7A5C4EB-C296-40F2-8935-8486D994F0F3}"
EndProject
Project("{FAE04EC0-301F-11D3-BF4B-00C04F79EFBC}") = "Tyuiu.SavchenkoEI.Lab1.TaskReview.V9", "Lab1\Tyuiu.SavchenkoEI.Lab1.TaskReview.V9\Tyuiu.SavchenkoEI.Lab1.TaskReview.V9.csproj", "{B68314CA-CD08-497A-B0B1-5234BE25286F}"
EndProject
Project("{FAE04EC0-301F-11D3-BF4B-00C04F79EFBC}") = "Tyuiu.SavchenkoEI.Lab1.Review.V9.Lib", "Lab1\Tyuiu.SavchenkoEI.Lab1.Review.V9.Lib\Tyuiu.SavchenkoEI.Lab1.Review.V9.Lib.csproj", "{C53D4E78-779E-4FDC-A040-FF806EE9A526}"
EndProject
Project("{FAE04EC0-301F-11D3-BF4B-00C04F79EFBC}") = "Tyuiu.SavchenkoEI.Lab1.Review.V9.Test", "Lab1\Tyuiu.SavchenkoEI.Lab1.Review.V9.Test\Tyuiu.SavchenkoEI.Lab1.Review.V9.Test.csproj", "{21F0ACAD-A51A-4AE1-A392-625EB712EBCF}"
EndProject
Global
	GlobalSection(SolutionConfigurationPlatforms) = preSolution
		Debug|Any CPU = Debug|Any CPU
		Release|Any CPU = Release|Any CPU
	EndGlobalSection
	GlobalSection(ProjectConfigurationPlatforms) = postSolution
		{B68314CA-CD08-497A-B0B1-5234BE25286F}.Debug|Any CPU.ActiveCfg = Debug|Any CPU
		{B68314CA-CD08-497A-B0B1-5234BE25286F}.Debug|Any CPU.Build.0 = Debug|Any CPU
		{B68314CA-CD08-497A-B0B1-5234BE25286F}.Release|Any CPU.ActiveCfg = Release|Any CPU
		{B68314CA-CD08-497A-B0B1-5234BE25286F}.Release|Any CPU.Build.0 = Release|Any CPU
		{C53D4E78-779E-4FDC-A040-FF806EE9A526}.Debug|Any CPU.ActiveCfg = Debug|Any CPU
		{C53D4E78-779E-4FDC-A040-FF806EE9A526}.Debug|Any CPU.Build.0 = Debug|Any CPU
		{C53D4E78-779E-4FDC-A040-FF806EE9A526}.Release|Any CPU.ActiveCfg = Release|Any CPU
		{C53D4E78-779E-4FDC-A040-FF806EE9A526}.Release|Any CPU.Build.0 = Release|Any CPU
		{21F0ACAD-A51A-4AE1-A392-625EB712EBCF}.Debug|Any CPU.ActiveCfg = Debug|Any CPU
		{21F0ACAD-A51A-4AE1-A392-625EB712EBCF}.Debug|Any CPU.Build.0 = Debug|Any CPU
		{21F0ACAD-A51A-4AE1-A392-625EB712EBCF}.Release|Any CPU.ActiveCfg = Release|Any CPU
		{21F0ACAD-A51A-4AE1-A392-625EB712EBCF}.Release|Any CPU.Build.0 = Release|Any CPU
	EndGlobalSection
	GlobalSection(SolutionProperties) = preSolution
		HideSolutionNode = FALSE
	EndGlobalSection
	GlobalSection(NestedProjects) = preSolution
		{B68314CA-CD08-497A-B0B1-5234BE25286F} = {E7A5C4EB-C296-40F2-8935-8486D994F0F3}
		{C53D4E78-779E-4FDC-A040-FF806EE9A526} = {E7A5C4EB-C296-40F2-8935-8486D994F0F3}
		{21F0ACAD-A51A-4AE1-A392-625EB712EBCF} = {E7A5C4EB-C296-40F2-8935-8486D994F0F3}
	EndGlobalSection
EndGlobal
